
Microsoft Visual Studio Solution File, Format Version 12.00
# Visual Studio Version 17
VisualStudioVersion = 17.3.32922.545
MinimumVisualStudioVersion = 10.0.40219.1
Project("{FAE04EC0-301F-11D3-BF4B-00C04F79EFBC}") = "J25ND8_HFT_2022231.Client", "J25ND8_HFT_2022231.Client\J25ND8_HFT_2022231.Client.csproj", "{296EEE1D-249E-43C5-B387-50CFA5F61EED}"
EndProject
Global
	GlobalSection(SolutionConfigurationPlatforms) = preSolution
		Debug|Any CPU = Debug|Any CPU
		Release|Any CPU = Release|Any CPU
	EndGlobalSection
	GlobalSection(ProjectConfigurationPlatforms) = postSolution
		{296EEE1D-249E-43C5-B387-50CFA5F61EED}.Debug|Any CPU.ActiveCfg = Debug|Any CPU
		{296EEE1D-249E-43C5-B387-50CFA5F61EED}.Debug|Any CPU.Build.0 = Debug|Any CPU
		{296EEE1D-249E-43C5-B387-50CFA5F61EED}.Release|Any CPU.ActiveCfg = Release|Any CPU
		{296EEE1D-249E-43C5-B387-50CFA5F61EED}.Release|Any CPU.Build.0 = Release|Any CPU
	EndGlobalSection
	GlobalSection(SolutionProperties) = preSolution
		HideSolutionNode = FALSE
	EndGlobalSection
	GlobalSection(ExtensibilityGlobals) = postSolution
		SolutionGuid = {D5985E1A-04A2-47F5-B725-105C6DB79436}
	EndGlobalSection
EndGlobal
