
Microsoft Visual Studio Solution File, Format Version 12.00
# Visual Studio Version 17
VisualStudioVersion = 17.3.32922.545
MinimumVisualStudioVersion = 10.0.40219.1
Project("{FAE04EC0-301F-11D3-BF4B-00C04F79EFBC}") = "J25ND8_HFT_2022231.Client", "J25ND8_HFT_2022231.Client\J25ND8_HFT_2022231.Client.csproj", "{296EEE1D-249E-43C5-B387-50CFA5F61EED}"
EndProject
Project("{2150E333-8FDC-42A3-9474-1A3956D46DE8}") = "Backend", "Backend", "{0DF2D1DC-A3C6-497A-931B-9F88AC3F11A1}"
EndProject
Project("{2150E333-8FDC-42A3-9474-1A3956D46DE8}") = "Frontend", "Frontend", "{9B579070-4F74-41C5-A2AD-EB3990B90182}"
EndProject
Project("{2150E333-8FDC-42A3-9474-1A3956D46DE8}") = "Shared", "Shared", "{A537216A-4732-40E2-A2C7-A526E91929DC}"
EndProject
Project("{FAE04EC0-301F-11D3-BF4B-00C04F79EFBC}") = "J25ND8_HFT_2022231.Endpoint", "J25ND8_HFT_2022231.Endpoint\J25ND8_HFT_2022231.Endpoint.csproj", "{B47B69F8-9A73-4EC8-B7EF-E250ECC3A61B}"
EndProject
Project("{FAE04EC0-301F-11D3-BF4B-00C04F79EFBC}") = "J25ND8_HFT_2022231.Logic", "J25ND8_HFT_2022231.Logic\J25ND8_HFT_2022231.Logic.csproj", "{9819E497-E745-4E0D-A652-C433DA0D307A}"
EndProject
Project("{FAE04EC0-301F-11D3-BF4B-00C04F79EFBC}") = "J25ND8_HFT_2022231.Repository", "J25ND8_HFT_2022231.Repository\J25ND8_HFT_2022231.Repository.csproj", "{CBE4201C-1442-4F76-9292-3963D7328B20}"
EndProject
Project("{FAE04EC0-301F-11D3-BF4B-00C04F79EFBC}") = "J25ND8_HFT_2022231.Test", "J25ND8_HFT_2022231.Test\J25ND8_HFT_2022231.Test.csproj", "{86D7F48D-0629-4ACC-B230-6E7A63077067}"
EndProject
Project("{FAE04EC0-301F-11D3-BF4B-00C04F79EFBC}") = "J25ND8_HFT_2022231.Models", "J25ND8_HFT_2022231.Models\J25ND8_HFT_2022231.Models.csproj", "{55F311AE-E9DD-4E72-8C8A-7FD4F5B65F74}"
EndProject
Project("{2150E333-8FDC-42A3-9474-1A3956D46DE8}") = "Others", "Others", "{FE2B4499-E9EE-455D-BCEB-95118CFB288C}"
	ProjectSection(SolutionItems) = preProject
		.gitignore = .gitignore
	EndProjectSection
EndProject
Global
	GlobalSection(SolutionConfigurationPlatforms) = preSolution
		Debug|Any CPU = Debug|Any CPU
		Release|Any CPU = Release|Any CPU
	EndGlobalSection
	GlobalSection(ProjectConfigurationPlatforms) = postSolution
		{296EEE1D-249E-43C5-B387-50CFA5F61EED}.Debug|Any CPU.ActiveCfg = Debug|Any CPU
		{296EEE1D-249E-43C5-B387-50CFA5F61EED}.Debug|Any CPU.Build.0 = Debug|Any CPU
		{296EEE1D-249E-43C5-B387-50CFA5F61EED}.Release|Any CPU.ActiveCfg = Release|Any CPU
		{296EEE1D-249E-43C5-B387-50CFA5F61EED}.Release|Any CPU.Build.0 = Release|Any CPU
		{B47B69F8-9A73-4EC8-B7EF-E250ECC3A61B}.Debug|Any CPU.ActiveCfg = Debug|Any CPU
		{B47B69F8-9A73-4EC8-B7EF-E250ECC3A61B}.Debug|Any CPU.Build.0 = Debug|Any CPU
		{B47B69F8-9A73-4EC8-B7EF-E250ECC3A61B}.Release|Any CPU.ActiveCfg = Release|Any CPU
		{B47B69F8-9A73-4EC8-B7EF-E250ECC3A61B}.Release|Any CPU.Build.0 = Release|Any CPU
		{9819E497-E745-4E0D-A652-C433DA0D307A}.Debug|Any CPU.ActiveCfg = Debug|Any CPU
		{9819E497-E745-4E0D-A652-C433DA0D307A}.Debug|Any CPU.Build.0 = Debug|Any CPU
		{9819E497-E745-4E0D-A652-C433DA0D307A}.Release|Any CPU.ActiveCfg = Release|Any CPU
		{9819E497-E745-4E0D-A652-C433DA0D307A}.Release|Any CPU.Build.0 = Release|Any CPU
		{CBE4201C-1442-4F76-9292-3963D7328B20}.Debug|Any CPU.ActiveCfg = Debug|Any CPU
		{CBE4201C-1442-4F76-9292-3963D7328B20}.Debug|Any CPU.Build.0 = Debug|Any CPU
		{CBE4201C-1442-4F76-9292-3963D7328B20}.Release|Any CPU.ActiveCfg = Release|Any CPU
		{CBE4201C-1442-4F76-9292-3963D7328B20}.Release|Any CPU.Build.0 = Release|Any CPU
		{86D7F48D-0629-4ACC-B230-6E7A63077067}.Debug|Any CPU.ActiveCfg = Debug|Any CPU
		{86D7F48D-0629-4ACC-B230-6E7A63077067}.Debug|Any CPU.Build.0 = Debug|Any CPU
		{86D7F48D-0629-4ACC-B230-6E7A63077067}.Release|Any CPU.ActiveCfg = Release|Any CPU
		{86D7F48D-0629-4ACC-B230-6E7A63077067}.Release|Any CPU.Build.0 = Release|Any CPU
		{55F311AE-E9DD-4E72-8C8A-7FD4F5B65F74}.Debug|Any CPU.ActiveCfg = Debug|Any CPU
		{55F311AE-E9DD-4E72-8C8A-7FD4F5B65F74}.Debug|Any CPU.Build.0 = Debug|Any CPU
		{55F311AE-E9DD-4E72-8C8A-7FD4F5B65F74}.Release|Any CPU.ActiveCfg = Release|Any CPU
		{55F311AE-E9DD-4E72-8C8A-7FD4F5B65F74}.Release|Any CPU.Build.0 = Release|Any CPU
	EndGlobalSection
	GlobalSection(SolutionProperties) = preSolution
		HideSolutionNode = FALSE
	EndGlobalSection
	GlobalSection(NestedProjects) = preSolution
		{296EEE1D-249E-43C5-B387-50CFA5F61EED} = {9B579070-4F74-41C5-A2AD-EB3990B90182}
		{B47B69F8-9A73-4EC8-B7EF-E250ECC3A61B} = {0DF2D1DC-A3C6-497A-931B-9F88AC3F11A1}
		{9819E497-E745-4E0D-A652-C433DA0D307A} = {0DF2D1DC-A3C6-497A-931B-9F88AC3F11A1}
		{CBE4201C-1442-4F76-9292-3963D7328B20} = {0DF2D1DC-A3C6-497A-931B-9F88AC3F11A1}
		{86D7F48D-0629-4ACC-B230-6E7A63077067} = {0DF2D1DC-A3C6-497A-931B-9F88AC3F11A1}
		{55F311AE-E9DD-4E72-8C8A-7FD4F5B65F74} = {A537216A-4732-40E2-A2C7-A526E91929DC}
	EndGlobalSection
	GlobalSection(ExtensibilityGlobals) = postSolution
		SolutionGuid = {D5985E1A-04A2-47F5-B725-105C6DB79436}
	EndGlobalSection
EndGlobal
